
Microsoft Visual Studio Solution File, Format Version 12.00
# Visual Studio 15
VisualStudioVersion = 15.0.28010.2036
MinimumVisualStudioVersion = 10.0.40219.1
Project("{9A19103F-16F7-4668-BE54-9A1E7A4F7556}") = "ExpertSystem", "ExpertSystem.csproj", "{6784C054-1B9B-4F98-89E7-6B5935C8346C}"
EndProject
Project("{FAE04EC0-301F-11D3-BF4B-00C04F79EFBC}") = "UnitTests", "..\UnitTests\UnitTests.csproj", "{569E978A-5F53-4DEB-9979-97FAE96DA01A}"
EndProject
Global
	GlobalSection(SolutionConfigurationPlatforms) = preSolution
		Debug|Any CPU = Debug|Any CPU
		Release|Any CPU = Release|Any CPU
	EndGlobalSection
	GlobalSection(ProjectConfigurationPlatforms) = postSolution
		{6784C054-1B9B-4F98-89E7-6B5935C8346C}.Debug|Any CPU.ActiveCfg = Debug|Any CPU
		{6784C054-1B9B-4F98-89E7-6B5935C8346C}.Debug|Any CPU.Build.0 = Debug|Any CPU
		{6784C054-1B9B-4F98-89E7-6B5935C8346C}.Release|Any CPU.ActiveCfg = Release|Any CPU
		{6784C054-1B9B-4F98-89E7-6B5935C8346C}.Release|Any CPU.Build.0 = Release|Any CPU
		{569E978A-5F53-4DEB-9979-97FAE96DA01A}.Debug|Any CPU.ActiveCfg = Debug|Any CPU
		{569E978A-5F53-4DEB-9979-97FAE96DA01A}.Debug|Any CPU.Build.0 = Debug|Any CPU
		{569E978A-5F53-4DEB-9979-97FAE96DA01A}.Release|Any CPU.ActiveCfg = Release|Any CPU
		{569E978A-5F53-4DEB-9979-97FAE96DA01A}.Release|Any CPU.Build.0 = Release|Any CPU
	EndGlobalSection
	GlobalSection(SolutionProperties) = preSolution
		HideSolutionNode = FALSE
	EndGlobalSection
	GlobalSection(ExtensibilityGlobals) = postSolution
		SolutionGuid = {42D84D40-7362-494F-BDFA-AED0E34034A8}
	EndGlobalSection
EndGlobal
